// !$*UTF8*$!
{
	archiveVersion = 1;
	classes = {
	};
	objectVersion = 46;
	objects = {

/* Begin PBXBuildFile section */
		FC1236C71BC395690016195C /* Player.cpp in Sources */ = {isa = PBXBuildFile; fileRef = FC1236C31BC395690016195C /* Player.cpp */; };
		FC1236C81BC395690016195C /* SpinningWheel.cpp in Sources */ = {isa = PBXBuildFile; fileRef = FC1236C51BC395690016195C /* SpinningWheel.cpp */; };
		FC1236CA1BC395870016195C /* main.cpp in Sources */ = {isa = PBXBuildFile; fileRef = FC1236C91BC395870016195C /* main.cpp */; };
/* End PBXBuildFile section */

/* Begin PBXCopyFilesBuildPhase section */
		FC1236B71BC395290016195C /* CopyFiles */ = {
			isa = PBXCopyFilesBuildPhase;
			buildActionMask = 2147483647;
			dstPath = /usr/share/man/man1/;
			dstSubfolderSpec = 0;
			files = (
			);
			runOnlyForDeploymentPostprocessing = 1;
		};
/* End PBXCopyFilesBuildPhase section */

/* Begin PBXFileReference section */
		FC1236B91BC395290016195C /* CS110C_Lab2 */ = {isa = PBXFileReference; explicitFileType = "compiled.mach-o.executable"; includeInIndex = 0; path = CS110C_Lab2; sourceTree = BUILT_PRODUCTS_DIR; };
		FC1236C31BC395690016195C /* Player.cpp */ = {isa = PBXFileReference; fileEncoding = 4; lastKnownFileType = sourcecode.cpp.cpp; path = Player.cpp; sourceTree = "<group>"; };
		FC1236C41BC395690016195C /* Player.h */ = {isa = PBXFileReference; fileEncoding = 4; lastKnownFileType = sourcecode.c.h; path = Player.h; sourceTree = "<group>"; };
		FC1236C51BC395690016195C /* SpinningWheel.cpp */ = {isa = PBXFileReference; fileEncoding = 4; lastKnownFileType = sourcecode.cpp.cpp; path = SpinningWheel.cpp; sourceTree = "<group>"; };
		FC1236C61BC395690016195C /* SpinningWheel.h */ = {isa = PBXFileReference; fileEncoding = 4; lastKnownFileType = sourcecode.c.h; path = SpinningWheel.h; sourceTree = "<group>"; };
		FC1236C91BC395870016195C /* main.cpp */ = {isa = PBXFileReference; fileEncoding = 4; lastKnownFileType = sourcecode.cpp.cpp; path = main.cpp; sourceTree = "<group>"; };
/* End PBXFileReference section */

/* Begin PBXFrameworksBuildPhase section */
		FC1236B61BC395290016195C /* Frameworks */ = {
			isa = PBXFrameworksBuildPhase;
			buildActionMask = 2147483647;
			files = (
			);
			runOnlyForDeploymentPostprocessing = 0;
		};
/* End PBXFrameworksBuildPhase section */

/* Begin PBXGroup section */
		FC1236B01BC395290016195C = {
			isa = PBXGroup;
			children = (
				FC1236BB1BC395290016195C /* CS110C_Lab2 */,
				FC1236BA1BC395290016195C /* Products */,
			);
			sourceTree = "<group>";
		};
		FC1236BA1BC395290016195C /* Products */ = {
			isa = PBXGroup;
			children = (
				FC1236B91BC395290016195C /* CS110C_Lab2 */,
			);
			name = Products;
			sourceTree = "<group>";
		};
		FC1236BB1BC395290016195C /* CS110C_Lab2 */ = {
			isa = PBXGroup;
			children = (
				FC1236C91BC395870016195C /* main.cpp */,
				FC1236C31BC395690016195C /* Player.cpp */,
				FC1236C41BC395690016195C /* Player.h */,
				FC1236C51BC395690016195C /* SpinningWheel.cpp */,
				FC1236C61BC395690016195C /* SpinningWheel.h */,
			);
			path = CS110C_Lab2;
			sourceTree = "<group>";
		};
/* End PBXGroup section */

/* Begin PBXNativeTarget section */
		FC1236B81BC395290016195C /* CS110C_Lab2 */ = {
			isa = PBXNativeTarget;
			buildConfigurationList = FC1236C01BC395290016195C /* Build configuration list for PBXNativeTarget "CS110C_Lab2" */;
			buildPhases = (
				FC1236B51BC395290016195C /* Sources */,
				FC1236B61BC395290016195C /* Frameworks */,
				FC1236B71BC395290016195C /* CopyFiles */,
			);
			buildRules = (
			);
			dependencies = (
			);
			name = CS110C_Lab2;
			productName = CS110C_Lab2;
			productReference = FC1236B91BC395290016195C /* CS110C_Lab2 */;
			productType = "com.apple.product-type.tool";
		};
/* End PBXNativeTarget section */

/* Begin PBXProject section */
		FC1236B11BC395290016195C /* Project object */ = {
			isa = PBXProject;
			attributes = {
				LastUpgradeCheck = 0640;
				ORGANIZATIONNAME = "Jon Chaney";
				TargetAttributes = {
					FC1236B81BC395290016195C = {
						CreatedOnToolsVersion = 6.4;
					};
				};
			};
			buildConfigurationList = FC1236B41BC395290016195C /* Build configuration list for PBXProject "CS110C_Lab2" */;
			compatibilityVersion = "Xcode 3.2";
			developmentRegion = English;
			hasScannedForEncodings = 0;
			knownRegions = (
				en,
			);
			mainGroup = FC1236B01BC395290016195C;
			productRefGroup = FC1236BA1BC395290016195C /* Products */;
			projectDirPath = "";
			projectRoot = "";
			targets = (
				FC1236B81BC395290016195C /* CS110C_Lab2 */,
			);
		};
/* End PBXProject section */

/* Begin PBXSourcesBuildPhase section */
		FC1236B51BC395290016195C /* Sources */ = {
			isa = PBXSourcesBuildPhase;
			buildActionMask = 2147483647;
			files = (
				FC1236C71BC395690016195C /* Player.cpp in Sources */,
				FC1236C81BC395690016195C /* SpinningWheel.cpp in Sources */,
				FC1236CA1BC395870016195C /* main.cpp in Sources */,
			);
			runOnlyForDeploymentPostprocessing = 0;
		};
/* End PBXSourcesBuildPhase section */

/* Begin XCBuildConfiguration section */
		FC1236BE1BC395290016195C /* Debug */ = {
			isa = XCBuildConfiguration;
			buildSettings = {
				ALWAYS_SEARCH_USER_PATHS = NO;
				CLANG_CXX_LANGUAGE_STANDARD = "gnu++0x";
				CLANG_CXX_LIBRARY = "libc++";
				CLANG_ENABLE_MODULES = YES;
				CLANG_ENABLE_OBJC_ARC = YES;
				CLANG_WARN_BOOL_CONVERSION = YES;
				CLANG_WARN_CONSTANT_CONVERSION = YES;
				CLANG_WARN_DIRECT_OBJC_ISA_USAGE = YES_ERROR;
				CLANG_WARN_EMPTY_BODY = YES;
				CLANG_WARN_ENUM_CONVERSION = YES;
				CLANG_WARN_INT_CONVERSION = YES;
				CLANG_WARN_OBJC_ROOT_CLASS = YES_ERROR;
				CLANG_WARN_UNREACHABLE_CODE = YES;
				CLANG_WARN__DUPLICATE_METHOD_MATCH = YES;
				COPY_PHASE_STRIP = NO;
				DEBUG_INFORMATION_FORMAT = dwarf;
				ENABLE_STRICT_OBJC_MSGSEND = YES;
				GCC_C_LANGUAGE_STANDARD = gnu99;
				GCC_DYNAMIC_NO_PIC = NO;
				GCC_NO_COMMON_BLOCKS = YES;
				GCC_OPTIMIZATION_LEVEL = 0;
				GCC_PREPROCESSOR_DEFINITIONS = (
					"DEBUG=1",
					"$(inherited)",
				);
				GCC_SYMBOLS_PRIVATE_EXTERN = NO;
				GCC_WARN_64_TO_32_BIT_CONVERSION = YES;
				GCC_WARN_ABOUT_RETURN_TYPE = YES_ERROR;
				GCC_WARN_UNDECLARED_SELECTOR = YES;
				GCC_WARN_UNINITIALIZED_AUTOS = YES_AGGRESSIVE;
				GCC_WARN_UNUSED_FUNCTION = YES;
				GCC_WARN_UNUSED_VARIABLE = YES;
				MACOSX_DEPLOYMENT_TARGET = 10.10;
				MTL_ENABLE_DEBUG_INFO = YES;
				ONLY_ACTIVE_ARCH = YES;
				SDKROOT = macosx;
			};
			name = Debug;
		};
		FC1236BF1BC395290016195C /* Release */ = {
			isa = XCBuildConfiguration;
			buildSettings = {
				ALWAYS_SEARCH_USER_PATHS = NO;
				CLANG_CXX_LANGUAGE_STANDARD = "gnu++0x";
				CLANG_CXX_LIBRARY = "libc++";
				CLANG_ENABLE_MODULES = YES;
				CLANG_ENABLE_OBJC_ARC = YES;
				CLANG_WARN_BOOL_CONVERSION = YES;
				CLANG_WARN_CONSTANT_CONVERSION = YES;
				CLANG_WARN_DIRECT_OBJC_ISA_USAGE = YES_ERROR;
				CLANG_WARN_EMPTY_BODY = YES;
				CLANG_WARN_ENUM_CONVERSION = YES;
				CLANG_WARN_INT_CONVERSION = YES;
				CLANG_WARN_OBJC_ROOT_CLASS = YES_ERROR;
				CLANG_WARN_UNREACHABLE_CODE = YES;
				CLANG_WARN__DUPLICATE_METHOD_MATCH = YES;
				COPY_PHASE_STRIP = NO;
				DEBUG_INFORMATION_FORMAT = "dwarf-with-dsym";
				ENABLE_NS_ASSERTIONS = NO;
				ENABLE_STRICT_OBJC_MSGSEND = YES;
				GCC_C_LANGUAGE_STANDARD = gnu99;
				GCC_NO_COMMON_BLOCKS = YES;
				GCC_WARN_64_TO_32_BIT_CONVERSION = YES;
				GCC_WARN_ABOUT_RETURN_TYPE = YES_ERROR;
				GCC_WARN_UNDECLARED_SELECTOR = YES;
				GCC_WARN_UNINITIALIZED_AUTOS = YES_AGGRESSIVE;
				GCC_WARN_UNUSED_FUNCTION = YES;
				GCC_WARN_UNUSED_VARIABLE = YES;
				MACOSX_DEPLOYMENT_TARGET = 10.10;
				MTL_ENABLE_DEBUG_INFO = NO;
				SDKROOT = macosx;
			};
			name = Release;
		};
		FC1236C11BC395290016195C /* Debug */ = {
			isa = XCBuildConfiguration;
			buildSettings = {
				PRODUCT_NAME = "$(TARGET_NAME)";
			};
			name = Debug;
		};
		FC1236C21BC395290016195C /* Release */ = {
			isa = XCBuildConfiguration;
			buildSettings = {
				PRODUCT_NAME = "$(TARGET_NAME)";
			};
			name = Release;
		};
/* End XCBuildConfiguration section */

/* Begin XCConfigurationList section */
		FC1236B41BC395290016195C /* Build configuration list for PBXProject "CS110C_Lab2" */ = {
			isa = XCConfigurationList;
			buildConfigurations = (
				FC1236BE1BC395290016195C /* Debug */,
				FC1236BF1BC395290016195C /* Release */,
			);
			defaultConfigurationIsVisible = 0;
			defaultConfigurationName = Release;
		};
		FC1236C01BC395290016195C /* Build configuration list for PBXNativeTarget "CS110C_Lab2" */ = {
			isa = XCConfigurationList;
			buildConfigurations = (
				FC1236C11BC395290016195C /* Debug */,
				FC1236C21BC395290016195C /* Release */,
			);
			defaultConfigurationIsVisible = 0;
		};
/* End XCConfigurationList section */
	};
	rootObject = FC1236B11BC395290016195C /* Project object */;
}
